
Microsoft Visual Studio Solution File, Format Version 12.00
# Visual Studio Version 17
VisualStudioVersion = 17.4.33122.133
MinimumVisualStudioVersion = 10.0.40219.1
Project("{FAE04EC0-301F-11D3-BF4B-00C04F79EFBC}") = "calculator", "calculator\calculator.csproj", "{5E8DC969-542A-4BBB-B16D-52378C867C60}"
EndProject
Global
	GlobalSection(SolutionConfigurationPlatforms) = preSolution
		Debug|Any CPU = Debug|Any CPU
		Release|Any CPU = Release|Any CPU
	EndGlobalSection
	GlobalSection(ProjectConfigurationPlatforms) = postSolution
		{5E8DC969-542A-4BBB-B16D-52378C867C60}.Debug|Any CPU.ActiveCfg = Debug|Any CPU
		{5E8DC969-542A-4BBB-B16D-52378C867C60}.Debug|Any CPU.Build.0 = Debug|Any CPU
		{5E8DC969-542A-4BBB-B16D-52378C867C60}.Release|Any CPU.ActiveCfg = Release|Any CPU
		{5E8DC969-542A-4BBB-B16D-52378C867C60}.Release|Any CPU.Build.0 = Release|Any CPU
	EndGlobalSection
	GlobalSection(SolutionProperties) = preSolution
		HideSolutionNode = FALSE
	EndGlobalSection
	GlobalSection(ExtensibilityGlobals) = postSolution
		SolutionGuid = {4D835CBA-C054-4F2E-AA4A-F5A3481FF5FA}
	EndGlobalSection
EndGlobal
